
Microsoft Visual Studio Solution File, Format Version 12.00
# Visual Studio 15
Project("{FAE04EC0-301F-11D3-BF4B-00C04F79EFBC}") = "Assembly-CSharp", "Assembly-CSharp.csproj", "{C46A5F67-B5BF-188D-29B2-758872F84641}"
EndProject
Project("{FAE04EC0-301F-11D3-BF4B-00C04F79EFBC}") = "Assembly-CSharp-firstpass", "Assembly-CSharp-firstpass.csproj", "{35B9B78F-860F-2835-FBC0-474E8B463B9E}"
EndProject
Project("{FAE04EC0-301F-11D3-BF4B-00C04F79EFBC}") = "Assembly-CSharp-Editor-firstpass", "Assembly-CSharp-Editor-firstpass.csproj", "{D43C3A33-56AB-4AB1-ABED-0D6CC7B61E8F}"
EndProject
Global
	GlobalSection(SolutionConfigurationPlatforms) = preSolution
		Debug|Any CPU = Debug|Any CPU
		Release|Any CPU = Release|Any CPU
	EndGlobalSection
	GlobalSection(ProjectConfigurationPlatforms) = postSolution
		{C46A5F67-B5BF-188D-29B2-758872F84641}.Debug|Any CPU.ActiveCfg = Debug|Any CPU
		{C46A5F67-B5BF-188D-29B2-758872F84641}.Debug|Any CPU.Build.0 = Debug|Any CPU
		{C46A5F67-B5BF-188D-29B2-758872F84641}.Release|Any CPU.ActiveCfg = Release|Any CPU
		{C46A5F67-B5BF-188D-29B2-758872F84641}.Release|Any CPU.Build.0 = Release|Any CPU
		{35B9B78F-860F-2835-FBC0-474E8B463B9E}.Debug|Any CPU.ActiveCfg = Debug|Any CPU
		{35B9B78F-860F-2835-FBC0-474E8B463B9E}.Debug|Any CPU.Build.0 = Debug|Any CPU
		{35B9B78F-860F-2835-FBC0-474E8B463B9E}.Release|Any CPU.ActiveCfg = Release|Any CPU
		{35B9B78F-860F-2835-FBC0-474E8B463B9E}.Release|Any CPU.Build.0 = Release|Any CPU
		{D43C3A33-56AB-4AB1-ABED-0D6CC7B61E8F}.Debug|Any CPU.ActiveCfg = Debug|Any CPU
		{D43C3A33-56AB-4AB1-ABED-0D6CC7B61E8F}.Debug|Any CPU.Build.0 = Debug|Any CPU
		{D43C3A33-56AB-4AB1-ABED-0D6CC7B61E8F}.Release|Any CPU.ActiveCfg = Release|Any CPU
		{D43C3A33-56AB-4AB1-ABED-0D6CC7B61E8F}.Release|Any CPU.Build.0 = Release|Any CPU
	EndGlobalSection
	GlobalSection(SolutionProperties) = preSolution
		HideSolutionNode = FALSE
	EndGlobalSection
EndGlobal
